{
  "name": "sample-angular-app",
  "version": "0.0.0",
  "lockfileVersion": 3,
  "requires": true,
  "packages": {
    "": {
      "name": "sample-angular-app",
      "version": "0.0.0",
      "dependencies": {
        "@angular/core": "^22.0.0"
      },
      "devDependencies": {
        "@angular/cli": "^22.0.0"
      }
    }
  }
}
